
Microsoft Visual Studio Solution File, Format Version 12.00
Project("{FAE04EC0-301F-11D3-BF4B-00C04F79EFBC}") = "parallel_chess", "parallel_chess\parallel_chess.csproj", "{80AAC112-869C-4BD5-8674-49A4762F29C9}"
EndProject
Global
	GlobalSection(SolutionConfigurationPlatforms) = preSolution
		Debug|Any CPU = Debug|Any CPU
		Release|Any CPU = Release|Any CPU
	EndGlobalSection
	GlobalSection(ProjectConfigurationPlatforms) = postSolution
		{80AAC112-869C-4BD5-8674-49A4762F29C9}.Debug|Any CPU.ActiveCfg = Debug|Any CPU
		{80AAC112-869C-4BD5-8674-49A4762F29C9}.Debug|Any CPU.Build.0 = Debug|Any CPU
		{80AAC112-869C-4BD5-8674-49A4762F29C9}.Release|Any CPU.ActiveCfg = Release|Any CPU
		{80AAC112-869C-4BD5-8674-49A4762F29C9}.Release|Any CPU.Build.0 = Release|Any CPU
	EndGlobalSection
EndGlobal
